
Microsoft Visual Studio Solution File, Format Version 12.00
# Visual Studio Version 17
VisualStudioVersion = 17.8.34322.80
MinimumVisualStudioVersion = 10.0.40219.1
Project("{9A19103F-16F7-4668-BE54-9A1E7A4F7556}") = "ParticleSceneMG38_1", "ParticleSceneMG38_1\ParticleSceneMG38_1.csproj", "{9D63034E-37AA-4161-84FD-57282F3E5D69}"
EndProject
Project("{9A19103F-16F7-4668-BE54-9A1E7A4F7556}") = "AdvancedParticleSystemMG38_1", "AdvancedParticleSystemMG38_1\AdvancedParticleSystemMG38_1.csproj", "{2A32115D-0FB8-49DA-858C-1F4407F20338}"
EndProject
Project("{9A19103F-16F7-4668-BE54-9A1E7A4F7556}") = "MonoGame.Framework.WpfInterop", "MonoGame.Framework.WpfInterop\MonoGame.Framework.WpfInterop.csproj", "{C1B37E0B-E28A-4AAB-897A-5B1D2D0E19DD}"
EndProject
Global
	GlobalSection(SolutionConfigurationPlatforms) = preSolution
		Debug|Any CPU = Debug|Any CPU
		Release|Any CPU = Release|Any CPU
	EndGlobalSection
	GlobalSection(ProjectConfigurationPlatforms) = postSolution
		{9D63034E-37AA-4161-84FD-57282F3E5D69}.Debug|Any CPU.ActiveCfg = Debug|Any CPU
		{9D63034E-37AA-4161-84FD-57282F3E5D69}.Debug|Any CPU.Build.0 = Debug|Any CPU
		{9D63034E-37AA-4161-84FD-57282F3E5D69}.Release|Any CPU.ActiveCfg = Release|Any CPU
		{9D63034E-37AA-4161-84FD-57282F3E5D69}.Release|Any CPU.Build.0 = Release|Any CPU
		{2A32115D-0FB8-49DA-858C-1F4407F20338}.Debug|Any CPU.ActiveCfg = Debug|Any CPU
		{2A32115D-0FB8-49DA-858C-1F4407F20338}.Debug|Any CPU.Build.0 = Debug|Any CPU
		{2A32115D-0FB8-49DA-858C-1F4407F20338}.Release|Any CPU.ActiveCfg = Release|Any CPU
		{2A32115D-0FB8-49DA-858C-1F4407F20338}.Release|Any CPU.Build.0 = Release|Any CPU
		{C1B37E0B-E28A-4AAB-897A-5B1D2D0E19DD}.Debug|Any CPU.ActiveCfg = Debug|Any CPU
		{C1B37E0B-E28A-4AAB-897A-5B1D2D0E19DD}.Debug|Any CPU.Build.0 = Debug|Any CPU
		{C1B37E0B-E28A-4AAB-897A-5B1D2D0E19DD}.Release|Any CPU.ActiveCfg = Release|Any CPU
		{C1B37E0B-E28A-4AAB-897A-5B1D2D0E19DD}.Release|Any CPU.Build.0 = Release|Any CPU
	EndGlobalSection
	GlobalSection(SolutionProperties) = preSolution
		HideSolutionNode = FALSE
	EndGlobalSection
	GlobalSection(ExtensibilityGlobals) = postSolution
		SolutionGuid = {BB020C76-9FC2-4B33-8C77-804FE69EC110}
	EndGlobalSection
EndGlobal
