
Microsoft Visual Studio Solution File, Format Version 12.00
# Visual Studio 15
VisualStudioVersion = 15.0.27130.2036
MinimumVisualStudioVersion = 10.0.40219.1
Project("{FAE04EC0-301F-11D3-BF4B-00C04F79EFBC}") = "FiringRange", "FiringRange\FiringRange.csproj", "{0B9FB5A4-13BC-44FE-9E12-6BB754676440}"
EndProject
Global
	GlobalSection(SolutionConfigurationPlatforms) = preSolution
		Debug|x86 = Debug|x86
		Release|x86 = Release|x86
	EndGlobalSection
	GlobalSection(ProjectConfigurationPlatforms) = postSolution
		{0B9FB5A4-13BC-44FE-9E12-6BB754676440}.Debug|x86.ActiveCfg = Debug|x86
		{0B9FB5A4-13BC-44FE-9E12-6BB754676440}.Debug|x86.Build.0 = Debug|x86
		{0B9FB5A4-13BC-44FE-9E12-6BB754676440}.Release|x86.ActiveCfg = Release|x86
		{0B9FB5A4-13BC-44FE-9E12-6BB754676440}.Release|x86.Build.0 = Release|x86
	EndGlobalSection
	GlobalSection(SolutionProperties) = preSolution
		HideSolutionNode = FALSE
	EndGlobalSection
	GlobalSection(ExtensibilityGlobals) = postSolution
		SolutionGuid = {E00793D7-DDCD-41A6-AB8C-E0DCE5EB61EE}
	EndGlobalSection
EndGlobal
