
Microsoft Visual Studio Solution File, Format Version 12.00
# Visual Studio Version 16
VisualStudioVersion = 16.0.31911.196
MinimumVisualStudioVersion = 10.0.40219.1
Project("{FAE04EC0-301F-11D3-BF4B-00C04F79EFBC}") = "FiringRangeMG38", "FiringRangeMG38\FiringRangeMG38.csproj", "{40BA469D-AD2E-40D6-8451-823F3567901F}"
EndProject
Global
	GlobalSection(SolutionConfigurationPlatforms) = preSolution
		Debug|Any CPU = Debug|Any CPU
		Release|Any CPU = Release|Any CPU
	EndGlobalSection
	GlobalSection(ProjectConfigurationPlatforms) = postSolution
		{40BA469D-AD2E-40D6-8451-823F3567901F}.Debug|Any CPU.ActiveCfg = Debug|Any CPU
		{40BA469D-AD2E-40D6-8451-823F3567901F}.Debug|Any CPU.Build.0 = Debug|Any CPU
		{40BA469D-AD2E-40D6-8451-823F3567901F}.Release|Any CPU.ActiveCfg = Release|Any CPU
		{40BA469D-AD2E-40D6-8451-823F3567901F}.Release|Any CPU.Build.0 = Release|Any CPU
	EndGlobalSection
	GlobalSection(SolutionProperties) = preSolution
		HideSolutionNode = FALSE
	EndGlobalSection
	GlobalSection(ExtensibilityGlobals) = postSolution
		SolutionGuid = {75DB7620-E94A-4038-B81C-A11C4F01E069}
	EndGlobalSection
EndGlobal
